PODS:
  - KinSDK (0.8.0):
    - KinUtil (= 0.0.14)
    - Sodium (= 0.7.0)
  - KinUtil (0.0.14)
  - Sodium (0.7.0)

DEPENDENCIES:
  - KinSDK

SPEC REPOS:
  https://github.com/cocoapods/specs.git:
    - KinSDK
    - KinUtil
    - Sodium

SPEC CHECKSUMS:
  KinSDK: 73b54ddf0c5e38869b68f14a4971a3e65bc58aee
  KinUtil: ad22d0694a9c8a526740e1d2441c32e24a98928b
  Sodium: c5510cc6f5e1b27858e5f260b5cac80d4a3f9379

PODFILE CHECKSUM: 6d9a56fa1c59c60800eb2f893c4e72605413ecef

COCOAPODS: 1.5.3
